lockfileVersion: 5.3

specifiers:
  '@sveltejs/adapter-vercel': 1.0.0-next.19
  '@sveltejs/kit': next
  svelte: 3.38.2
  vercel: 22.0.1
  windicss: 3.0.9

devDependencies:
  '@sveltejs/adapter-vercel': 1.0.0-next.19_@sveltejs+kit@1.0.0-next.109
  '@sveltejs/kit': 1.0.0-next.109_svelte@3.38.2
  svelte: 3.38.2
  vercel: 22.0.1
  windicss: 3.0.9

packages:

  /@rollup/pluginutils/4.1.0:
    resolution: {integrity: sha512-TrBhfJkFxA+ER+ew2U2/fHbebhLT/l/2pRk0hfj9KusXUuRXd2v0R58AfaZK9VXDQ4TogOSEmICVrQAA3zFnHQ==}
    engines: {node: '>= 8.0.0'}
    peerDependencies:
      rollup: ^1.20.0||^2.0.0
    dependencies:
      estree-walker: 2.0.2
      picomatch: 2.2.3
    dev: true

  /@sindresorhus/is/0.14.0:
    resolution: {integrity: sha512-9NET910DNaIPngYnLLPeg+Ogzqsi9uM4mSboU5y6p8S5DzMTVEsJZrawi+BoDNUVBa2DhJqQYUFvMDfgU062LQ==}
    engines: {node: '>=6'}
    dev: true

  /@sveltejs/adapter-vercel/1.0.0-next.19_@sveltejs+kit@1.0.0-next.109:
    resolution: {integrity: sha512-A2fTQDTTARahncaW5qP5sOyyw3xrCFj4rORw9dh819AvpajzO5PLwmQiAm2Fj2D8hrG7cnU0c30g89RsPsQ+OA==}
    peerDependencies:
      '@sveltejs/kit': 1.0.0-next.109
    dependencies:
      '@sveltejs/kit': 1.0.0-next.109_svelte@3.38.2
      esbuild: 0.11.23
    dev: true

  /@sveltejs/kit/1.0.0-next.109_svelte@3.38.2:
    resolution: {integrity: sha512-72iHsgcZTj9WU2VMq/qzMdFidTrSlJ1+KE0Iiw43Gee8TkKi5tMOyeu/f8lWa4HzdHLFZ2CJdvmcL7w3F4SWjg==}
    engines: {node: ^12.20 || ^14.13.1 || >= 16}
    hasBin: true
    peerDependencies:
      svelte: ^3.38.2
    dependencies:
      '@sveltejs/vite-plugin-svelte': 1.0.0-next.10_svelte@3.38.2+vite@2.3.3
      cheap-watch: 1.0.3
      sade: 1.7.4
      svelte: 3.38.2
      vite: 2.3.3
    transitivePeerDependencies:
      - rollup
      - supports-color
    dev: true

  /@sveltejs/vite-plugin-svelte/1.0.0-next.10_svelte@3.38.2+vite@2.3.3:
    resolution: {integrity: sha512-ImvxbhPePm2hWNTKBSA3LHAYGwiEjHjvvgfPLXm4R87sfZ+BMXql9jBmDpzUC/URBLT4BB3Jxos/i523qkJBHg==}
    engines: {node: '>=12.0.0'}
    peerDependencies:
      svelte: ^3.37.0
      vite: ^2.2.3
    dependencies:
      '@rollup/pluginutils': 4.1.0
      chalk: 4.1.1
      debug: 4.3.2
      hash-sum: 2.0.0
      require-relative: 0.8.7
      slash: 4.0.0
      source-map: 0.7.3
      svelte: 3.38.2
      svelte-hmr: 0.14.4_svelte@3.38.2
      vite: 2.3.3
    transitivePeerDependencies:
      - rollup
      - supports-color
    dev: true

  /@szmarczak/http-timer/1.1.2:
    resolution: {integrity: sha512-XIB2XbzHTN6ieIjfIMV9hlVcfPU26s2vafYWQcZHWXHOxiaRZYEDKEwdl129Zyg50+foYV2jCgtrqSA6qNuNSA==}
    engines: {node: '>=6'}
    dependencies:
      defer-to-connect: 1.1.3
    dev: true

  /@types/node/15.6.0:
    resolution: {integrity: sha512-gCYSfQpy+LYhOFTKAeE8BkyGqaxmlFxe+n4DKM6DR0wzw/HISUE/hAmkC/KT8Sw5PCJblqg062b3z9gucv3k0A==}
    dev: true

  /@vercel/build-utils/2.10.2:
    resolution: {integrity: sha512-86ly3nMcX1h+eUOloDgqwjaeIREdk1agn4voRCb189J55vzFbz/6ZOjkAKtZ+GSbkEM+bcJera2SvSBzGGIqUA==}
    dev: true

  /@vercel/go/1.2.2:
    resolution: {integrity: sha512-Oo1lXjXmDrSqdF3LKCWXJGU9DInq5aMe6weQSoWnKRvSZ6v4at2x19ltHYvgUO95y4tbdzqPLRKFNUSQEJVdjQ==}
    dev: true

  /@vercel/node/1.10.0:
    resolution: {integrity: sha512-11FIFoF4v9m/jAOSamwBDMsS2yIDa0fSnVhR70bbcUdBcu3BGGMCpg+jpA6rvkQSOa/WbTRvvu9hFh5bOsZxrw==}
    dependencies:
      '@types/node': 15.6.0
      ts-node: 8.9.1_typescript@3.9.3
      typescript: 3.9.3
    dev: true

  /@vercel/python/2.0.1:
    resolution: {integrity: sha512-qrb6y1VYLq0x0uziW3/w6UZ1GNvNpeoM3aTfjFayr2CMZJ665J9lUaqbZhdH2/q4qw6VrBrlw3FYjr5HUpAFrw==}
    dev: true

  /@vercel/ruby/1.2.6:
    resolution: {integrity: sha512-ZLDMxMvOL0xd7FBHXQJ9EJxPohw+qzpgwulaNhXGgPuFUfnS9mboUEyj0sU9A9F7lMJFPJ6gs8UfVxBY2eNnGA==}
    dev: true

  /ansi-align/3.0.0:
    resolution: {integrity: sha512-ZpClVKqXN3RGBmKibdfWzqCY4lnjEuoNzU5T0oEFpfd/z5qJHVarukridD4juLO2FXMiwUQxr9WqQtaYa8XRYw==}
    dependencies:
      string-width: 3.1.0
    dev: true

  /ansi-regex/4.1.0:
    resolution: {integrity: sha512-1apePfXM1UOSqw0o9IiFAovVz9M5S1Dg+4TrDwfMewQ6p/rmMueb7tWZjQ1rx4Loy1ArBggoqGpfqqdI4rondg==}
    engines: {node: '>=6'}
    dev: true

  /ansi-regex/5.0.0:
    resolution: {integrity: sha512-bY6fj56OUQ0hU1KjFNDQuJFezqKdrAyFdIevADiqrWHwSlbmBNMHp5ak2f40Pm8JTFyM2mqxkG6ngkHO11f/lg==}
    engines: {node: '>=8'}
    dev: true

  /ansi-styles/4.3.0:
    resolution: {integrity: sha512-zbB9rCJAT1rbjiVDb2hqKFHNYLxgtk8NURxZ3IZwD3F6NtxbXZQCnnSi1Lkx+IDohdPlFp222wVALIheZJQSEg==}
    engines: {node: '>=8'}
    dependencies:
      color-convert: 2.0.1
    dev: true

  /arg/4.1.3:
    resolution: {integrity: sha512-58S9QDqG0Xx27YwPSt9fJxivjYl432YCwfDMfZ+71RAqUrZef7LrKQZ3LHLOwCS4FLNBplP533Zx895SeOCHvA==}
    dev: true

  /boxen/4.2.0:
    resolution: {integrity: sha512-eB4uT9RGzg2odpER62bBwSLvUeGC+WbRjjyyFhGsKnc8wp/m0+hQsMUvUe3H2V0D5vw0nBdO1hCJoZo5mKeuIQ==}
    engines: {node: '>=8'}
    dependencies:
      ansi-align: 3.0.0
      camelcase: 5.3.1
      chalk: 3.0.0
      cli-boxes: 2.2.1
      string-width: 4.2.2
      term-size: 2.2.1
      type-fest: 0.8.1
      widest-line: 3.1.0
    dev: true

  /buffer-from/1.1.1:
    resolution: {integrity: sha512-MQcXEUbCKtEo7bhqEs6560Hyd4XaovZlO/k9V3hjVUF/zwW7KBVdSK4gIt/bzwS9MbR5qob+F5jusZsb0YQK2A==}
    dev: true

  /cacheable-request/6.1.0:
    resolution: {integrity: sha512-Oj3cAGPCqOZX7Rz64Uny2GYAZNliQSqfbePrgAQ1wKAihYmCUnraBtJtKcGR4xz7wF+LoJC+ssFZvv5BgF9Igg==}
    engines: {node: '>=8'}
    dependencies:
      clone-response: 1.0.2
      get-stream: 5.2.0
      http-cache-semantics: 4.1.0
      keyv: 3.1.0
      lowercase-keys: 2.0.0
      normalize-url: 4.5.0
      responselike: 1.0.2
    dev: true

  /camelcase/5.3.1:
    resolution: {integrity: sha512-L28STB170nwWS63UjtlEOE3dldQApaJXZkOI1uMFfzf3rRuPegHaHesyee+YxQ+W6SvRDQV6UrdOdRiR153wJg==}
    engines: {node: '>=6'}
    dev: true

  /chalk/3.0.0:
    resolution: {integrity: sha512-4D3B6Wf41KOYRFdszmDqMCGq5VV/uMAB273JILmO+3jAlh8X4qDtdtgCR3fxtbLEMzSx22QdhnDcJvu2u1fVwg==}
    engines: {node: '>=8'}
    dependencies:
      ansi-styles: 4.3.0
      supports-color: 7.2.0
    dev: true

  /chalk/4.1.1:
    resolution: {integrity: sha512-diHzdDKxcU+bAsUboHLPEDQiw0qEe0qd7SYUn3HgcFlWgbDcfLGswOHYeGrHKzG9z6UYf01d9VFMfZxPM1xZSg==}
    engines: {node: '>=10'}
    dependencies:
      ansi-styles: 4.3.0
      supports-color: 7.2.0
    dev: true

  /cheap-watch/1.0.3:
    resolution: {integrity: sha512-xC5CruMhLzjPwJ5ecUxGu1uGmwJQykUhqd2QrCrYbwvsFYdRyviu6jG9+pccwDXJR/OpmOTOJ9yLFunVgQu9wg==}
    engines: {node: '>=8'}
    dev: true

  /ci-info/2.0.0:
    resolution: {integrity: sha512-5tK7EtrZ0N+OLFMthtqOj4fI2Jeb88C4CAZPu25LDVUgXJ0A3Js4PMGqrn0JU1W0Mh1/Z8wZzYPxqUrXeBboCQ==}
    dev: true

  /cli-boxes/2.2.1:
    resolution: {integrity: sha512-y4coMcylgSCdVinjiDBuR8PCC2bLjyGTwEmPb9NHR/QaNU6EUOXcTY/s6VjGMD6ENSEaeQYHCY0GNGS5jfMwPw==}
    engines: {node: '>=6'}
    dev: true

  /clone-response/1.0.2:
    resolution: {integrity: sha1-0dyXOSAxTfZ/vrlCI7TuNQI56Ws=}
    dependencies:
      mimic-response: 1.0.1
    dev: true

  /color-convert/2.0.1:
    resolution: {integrity: sha512-RRECPsj7iu/xb5oKYcsFHSppFNnsj/52OVTRKb4zP5onXwVF3zVmmToNcOfGC+CRDpfK/U584fMg38ZHCaElKQ==}
    engines: {node: '>=7.0.0'}
    dependencies:
      color-name: 1.1.4
    dev: true

  /color-name/1.1.4:
    resolution: {integrity: sha512-dOy+3AuW3a2wNbZHIuMZpTcgjGuLU/uBL/ubcZF9OXbDo8ff4O8yVp5Bf0efS8uEoYo5q4Fx7dY9OgQGXgAsQA==}
    dev: true

  /colorette/1.2.2:
    resolution: {integrity: sha512-MKGMzyfeuutC/ZJ1cba9NqcNpfeqMUcYmyF1ZFY6/Cn7CNSAKx6a+s48sqLqyAiZuaP2TcqMhoo+dlwFnVxT9w==}
    dev: true

  /configstore/5.0.1:
    resolution: {integrity: sha512-aMKprgk5YhBNyH25hj8wGt2+D52Sw1DRRIzqBwLp2Ya9mFmY8KPvvtvmna8SxVR9JMZ4kzMD68N22vlaRpkeFA==}
    engines: {node: '>=8'}
    dependencies:
      dot-prop: 5.3.0
      graceful-fs: 4.2.6
      make-dir: 3.1.0
      unique-string: 2.0.0
      write-file-atomic: 3.0.3
      xdg-basedir: 4.0.0
    dev: true

  /crypto-random-string/2.0.0:
    resolution: {integrity: sha512-v1plID3y9r/lPhviJ1wrXpLeyUIGAZ2SHNYTEapm7/8A9nLPoyvVp3RK/EPFqn5kEznyWgYZNsRtYYIWbuG8KA==}
    engines: {node: '>=8'}
    dev: true

  /debug/4.3.2:
    resolution: {integrity: sha512-mOp8wKcvj7XxC78zLgw/ZA+6TSgkoE2C/ienthhRD298T7UNwAg9diBpLRxC0mOezLl4B0xV7M0cCO6P/O0Xhw==}
    engines: {node: '>=6.0'}
    peerDependencies:
      supports-color: '*'
    peerDependenciesMeta:
      supports-color:
        optional: true
    dependencies:
      ms: 2.1.2
    dev: true

  /decompress-response/3.3.0:
    resolution: {integrity: sha1-gKTdMjdIOEv6JICDYirt7Jgq3/M=}
    engines: {node: '>=4'}
    dependencies:
      mimic-response: 1.0.1
    dev: true

  /deep-extend/0.6.0:
    resolution: {integrity: sha512-LOHxIOaPYdHlJRtCQfDIVZtfw/ufM8+rVj649RIHzcm/vGwQRXFt6OPqIFWsm2XEMrNIEtWR64sY1LEKD2vAOA==}
    engines: {node: '>=4.0.0'}
    dev: true

  /defer-to-connect/1.1.3:
    resolution: {integrity: sha512-0ISdNousHvZT2EiFlZeZAHBUvSxmKswVCEf8hW7KWgG4a8MVEu/3Vb6uWYozkjylyCxe0JBIiRB1jV45S70WVQ==}
    dev: true

  /diff/4.0.2:
    resolution: {integrity: sha512-58lmxKSA4BNyLz+HHMUzlOEpg09FV+ev6ZMe3vJihgdxzgcwZ8VoEEPmALCZG9LmqfVoNMMKpttIYTVG6uDY7A==}
    engines: {node: '>=0.3.1'}
    dev: true

  /dot-prop/5.3.0:
    resolution: {integrity: sha512-QM8q3zDe58hqUqjraQOmzZ1LIH9SWQJTlEKCH4kJ2oQvLZk7RbQXvtDM2XEq3fwkV9CCvvH4LA0AV+ogFsBM2Q==}
    engines: {node: '>=8'}
    dependencies:
      is-obj: 2.0.0
    dev: true

  /duplexer3/0.1.4:
    resolution: {integrity: sha1-7gHdHKwO08vH/b6jfcCo8c4ALOI=}
    dev: true

  /emoji-regex/7.0.3:
    resolution: {integrity: sha512-CwBLREIQ7LvYFB0WyRvwhq5N5qPhc6PMjD6bYggFlI5YyDgl+0vxq5VHbMOFqLg7hfWzmu8T5Z1QofhmTIhItA==}
    dev: true

  /emoji-regex/8.0.0:
    resolution: {integrity: sha512-MSjYzcWNOA0ewAHpz0MxpYFvwg6yjy1NG3xteoqz644VCo/RPgnr1/GGt+ic3iJTzQ8Eu3TdM14SawnVUmGE6A==}
    dev: true

  /end-of-stream/1.4.4:
    resolution: {integrity: sha512-+uw1inIHVPQoaVuHzRyXd21icM+cnt4CzD5rW+NC1wjOUSTOs+Te7FOv7AhN7vS9x/oIyhLP5PR1H+phQAHu5Q==}
    dependencies:
      once: 1.4.0
    dev: true

  /esbuild/0.11.23:
    resolution: {integrity: sha512-iaiZZ9vUF5wJV8ob1tl+5aJTrwDczlvGP0JoMmnpC2B0ppiMCu8n8gmy5ZTGl5bcG081XBVn+U+jP+mPFm5T5Q==}
    hasBin: true
    requiresBuild: true
    dev: true

  /escape-goat/2.1.1:
    resolution: {integrity: sha512-8/uIhbG12Csjy2JEW7D9pHbreaVaS/OpN3ycnyvElTdwM5n6GY6W6e2IPemfvGZeUMqZ9A/3GqIZMgKnBhAw/Q==}
    engines: {node: '>=8'}
    dev: true

  /estree-walker/2.0.2:
    resolution: {integrity: sha512-Rfkk/Mp/DL7JVje3u18FxFujQlTNR2q6QfMSMB7AvCBx91NGj/ba3kCfza0f6dVDbw7YlRf/nDrn7pQrCCyQ/w==}
    dev: true

  /fsevents/2.3.2:
    resolution: {integrity: sha512-xiqMQR4xAeHTuB9uWm+fFRcIOgKBMiOBP+eXiyT7jsgVCq1bkVygt00oASowB7EdtpOHaaPgKt812P9ab+DDKA==}
    engines: {node: ^8.16.0 || ^10.6.0 || >=11.0.0}
    os: [darwin]
    dev: true
    optional: true

  /function-bind/1.1.1:
    resolution: {integrity: sha512-yIovAzMX49sF8Yl58fSCWJ5svSLuaibPxXQJFLmBObTuCr0Mf1KiPopGM9NiFjiYBCbfaa2Fh6breQ6ANVTI0A==}
    dev: true

  /get-stream/4.1.0:
    resolution: {integrity: sha512-GMat4EJ5161kIy2HevLlr4luNjBgvmj413KaQA7jt4V8B4RDsfpHk7WQ9GVqfYyyx8OS/L66Kox+rJRNklLK7w==}
    engines: {node: '>=6'}
    dependencies:
      pump: 3.0.0
    dev: true

  /get-stream/5.2.0:
    resolution: {integrity: sha512-nBF+F1rAZVCu/p7rjzgA+Yb4lfYXrpl7a6VmJrU8wF9I1CKvP/QwPNZHnOlwbTkY6dvtFIzFMSyQXbLoTQPRpA==}
    engines: {node: '>=8'}
    dependencies:
      pump: 3.0.0
    dev: true

  /global-dirs/2.1.0:
    resolution: {integrity: sha512-MG6kdOUh/xBnyo9cJFeIKkLEc1AyFq42QTU4XiX51i2NEdxLxLWXIjEjmqKeSuKR7pAZjTqUVoT2b2huxVLgYQ==}
    engines: {node: '>=8'}
    dependencies:
      ini: 1.3.7
    dev: true

  /got/9.6.0:
    resolution: {integrity: sha512-R7eWptXuGYxwijs0eV+v3o6+XH1IqVK8dJOEecQfTmkncw9AV4dcw/Dhxi8MdlqPthxxpZyizMzyg8RTmEsG+Q==}
    engines: {node: '>=8.6'}
    dependencies:
      '@sindresorhus/is': 0.14.0
      '@szmarczak/http-timer': 1.1.2
      cacheable-request: 6.1.0
      decompress-response: 3.3.0
      duplexer3: 0.1.4
      get-stream: 4.1.0
      lowercase-keys: 1.0.1
      mimic-response: 1.0.1
      p-cancelable: 1.1.0
      to-readable-stream: 1.0.0
      url-parse-lax: 3.0.0
    dev: true

  /graceful-fs/4.2.6:
    resolution: {integrity: sha512-nTnJ528pbqxYanhpDYsi4Rd8MAeaBA67+RZ10CM1m3bTAVFEDcd5AuA4a6W5YkGZ1iNXHzZz8T6TBKLeBuNriQ==}
    dev: true

  /has-flag/4.0.0:
    resolution: {integrity: sha512-EykJT/Q1KjTWctppgIAgfSO0tKVuZUjhgMr17kqTumMl6Afv3EISleU7qZUzoXDFTAHTDC4NOoG/ZxU3EvlMPQ==}
    engines: {node: '>=8'}
    dev: true

  /has-yarn/2.1.0:
    resolution: {integrity: sha512-UqBRqi4ju7T+TqGNdqAO0PaSVGsDGJUBQvk9eUWNGRY1CFGDzYhLWoM7JQEemnlvVcv/YEmc2wNW8BC24EnUsw==}
    engines: {node: '>=8'}
    dev: true

  /has/1.0.3:
    resolution: {integrity: sha512-f2dvO0VU6Oej7RkWJGrehjbzMAjFp5/VKPp5tTpWIV4JHHZK1/BxbFRtf/siA2SWTe09caDmVtYYzWEIbBS4zw==}
    engines: {node: '>= 0.4.0'}
    dependencies:
      function-bind: 1.1.1
    dev: true

  /hash-sum/2.0.0:
    resolution: {integrity: sha512-WdZTbAByD+pHfl/g9QSsBIIwy8IT+EsPiKDs0KNX+zSHhdDLFKdZu0BQHljvO+0QI/BasbMSUa8wYNCZTvhslg==}
    dev: true

  /http-cache-semantics/4.1.0:
    resolution: {integrity: sha512-carPklcUh7ROWRK7Cv27RPtdhYhUsela/ue5/jKzjegVvXDqM2ILE9Q2BGn9JZJh1g87cp56su/FgQSzcWS8cQ==}
    dev: true

  /import-lazy/2.1.0:
    resolution: {integrity: sha1-BWmOPUXIjo1+nZLLBYTnfwlvPkM=}
    engines: {node: '>=4'}
    dev: true

  /imurmurhash/0.1.4:
    resolution: {integrity: sha1-khi5srkoojixPcT7a21XbyMUU+o=}
    engines: {node: '>=0.8.19'}
    dev: true

  /ini/1.3.7:
    resolution: {integrity: sha512-iKpRpXP+CrP2jyrxvg1kMUpXDyRUFDWurxbnVT1vQPx+Wz9uCYsMIqYuSBLV+PAaZG/d7kRLKRFc9oDMsH+mFQ==}
    dev: true

  /ini/1.3.8:
    resolution: {integrity: sha512-JV/yugV2uzW5iMRSiZAyDtQd+nxtUnjeLt0acNdw98kKLrvuRVyB80tsREOE7yvGVgalhZ6RNXCmEHkUKBKxew==}
    dev: true

  /is-ci/2.0.0:
    resolution: {integrity: sha512-YfJT7rkpQB0updsdHLGWrvhBJfcfzNNawYDNIyQXJz0IViGf75O8EBPKSdvw2rF+LGCsX4FZ8tcr3b19LcZq4w==}
    hasBin: true
    dependencies:
      ci-info: 2.0.0
    dev: true

  /is-core-module/2.4.0:
    resolution: {integrity: sha512-6A2fkfq1rfeQZjxrZJGerpLCTHRNEBiSgnu0+obeJpEPZRUooHgsizvzv0ZjJwOz3iWIHdJtVWJ/tmPr3D21/A==}
    dependencies:
      has: 1.0.3
    dev: true

  /is-fullwidth-code-point/2.0.0:
    resolution: {integrity: sha1-o7MKXE8ZkYMWeqq5O+764937ZU8=}
    engines: {node: '>=4'}
    dev: true

  /is-fullwidth-code-point/3.0.0:
    resolution: {integrity: sha512-zymm5+u+sCsSWyD9qNaejV3DFvhCKclKdizYaJUuHA83RLjb7nSuGnddCHGv0hk+KY7BMAlsWeK4Ueg6EV6XQg==}
    engines: {node: '>=8'}
    dev: true

  /is-installed-globally/0.3.2:
    resolution: {integrity: sha512-wZ8x1js7Ia0kecP/CHM/3ABkAmujX7WPvQk6uu3Fly/Mk44pySulQpnHG46OMjHGXApINnV4QhY3SWnECO2z5g==}
    engines: {node: '>=8'}
    dependencies:
      global-dirs: 2.1.0
      is-path-inside: 3.0.3
    dev: true

  /is-npm/4.0.0:
    resolution: {integrity: sha512-96ECIfh9xtDDlPylNPXhzjsykHsMJZ18ASpaWzQyBr4YRTcVjUvzaHayDAES2oU/3KpljhHUjtSRNiDwi0F0ig==}
    engines: {node: '>=8'}
    dev: true

  /is-obj/2.0.0:
    resolution: {integrity: sha512-drqDG3cbczxxEJRoOXcOjtdp1J/lyp1mNn0xaznRs8+muBhgQcrnbspox5X5fOw0HnMnbfDzvnEMEtqDEJEo8w==}
    engines: {node: '>=8'}
    dev: true

  /is-path-inside/3.0.3:
    resolution: {integrity: sha512-Fd4gABb+ycGAmKou8eMftCupSir5lRxqf4aD/vd0cD2qc4HL07OjCeuHMr8Ro4CoMaeCKDB0/ECBOVWjTwUvPQ==}
    engines: {node: '>=8'}
    dev: true

  /is-typedarray/1.0.0:
    resolution: {integrity: sha1-5HnICFjfDBsR3dppQPlgEfzaSpo=}
    dev: true

  /is-yarn-global/0.3.0:
    resolution: {integrity: sha512-VjSeb/lHmkoyd8ryPVIKvOCn4D1koMqY+vqyjjUfc3xyKtP4dYOxM44sZrnqQSzSds3xyOrUTLTC9LVCVgLngw==}
    dev: true

  /json-buffer/3.0.0:
    resolution: {integrity: sha1-Wx85evx11ne96Lz8Dkfh+aPZqJg=}
    dev: true

  /keyv/3.1.0:
    resolution: {integrity: sha512-9ykJ/46SN/9KPM/sichzQ7OvXyGDYKGTaDlKMGCAlg2UK8KRy4jb0d8sFc+0Tt0YYnThq8X2RZgCg74RPxgcVA==}
    dependencies:
      json-buffer: 3.0.0
    dev: true

  /latest-version/5.1.0:
    resolution: {integrity: sha512-weT+r0kTkRQdCdYCNtkMwWXQTMEswKrFBkm4ckQOMVhhqhIMI1UT2hMj+1iigIhgSZm5gTmrRXBNoGUgaTY1xA==}
    engines: {node: '>=8'}
    dependencies:
      package-json: 6.5.0
    dev: true

  /lowercase-keys/1.0.1:
    resolution: {integrity: sha512-G2Lj61tXDnVFFOi8VZds+SoQjtQC3dgokKdDG2mTm1tx4m50NUHBOZSBwQQHyy0V12A0JTG4icfZQH+xPyh8VA==}
    engines: {node: '>=0.10.0'}
    dev: true

  /lowercase-keys/2.0.0:
    resolution: {integrity: sha512-tqNXrS78oMOE73NMxK4EMLQsQowWf8jKooH9g7xPavRT706R6bkQJ6DY2Te7QukaZsulxa30wQ7bk0pm4XiHmA==}
    engines: {node: '>=8'}
    dev: true

  /make-dir/3.1.0:
    resolution: {integrity: sha512-g3FeP20LNwhALb/6Cz6Dd4F2ngze0jz7tbzrD2wAV+o9FeNHe4rL+yK2md0J/fiSf1sa1ADhXqi5+oVwOM/eGw==}
    engines: {node: '>=8'}
    dependencies:
      semver: 6.3.0
    dev: true

  /make-error/1.3.6:
    resolution: {integrity: sha512-s8UhlNe7vPKomQhC1qFelMokr/Sc3AgNbso3n74mVPA5LTZwkB9NlXf4XPamLxJE8h0gh73rM94xvwRT2CVInw==}
    dev: true

  /mimic-response/1.0.1:
    resolution: {integrity: sha512-j5EctnkH7amfV/q5Hgmoal1g2QHFJRraOtmx0JpIqkxhBhI/lJSl1nMpQ45hVarwNETOoWEimndZ4QK0RHxuxQ==}
    engines: {node: '>=4'}
    dev: true

  /minimist/1.2.5:
    resolution: {integrity: sha512-FM9nNUYrRBAELZQT3xeZQ7fmMOBg6nWNmJKTcgsJeaLstP/UODVpGsr5OhXhhXg6f+qtJ8uiZ+PUxkDWcgIXLw==}
    dev: true

  /mri/1.1.6:
    resolution: {integrity: sha512-oi1b3MfbyGa7FJMP9GmLTttni5JoICpYBRlq+x5V16fZbLsnL9N3wFqqIm/nIG43FjUFkFh9Epzp/kzUGUnJxQ==}
    engines: {node: '>=4'}
    dev: true

  /ms/2.1.2:
    resolution: {integrity: sha512-sGkPx+VjMtmA6MX27oA4FBFELFCZZ4S4XqeGOXCv68tT+jb3vk/RyaKWP0PTKyWtmLSM0b+adUTEvbs1PEaH2w==}
    dev: true

  /nanoid/3.1.23:
    resolution: {integrity: sha512-FiB0kzdP0FFVGDKlRLEQ1BgDzU87dy5NnzjeW9YZNt+/c3+q82EQDUwniSAUxp/F0gFNI1ZhKU1FqYsMuqZVnw==}
    engines: {node: ^10 || ^12 || ^13.7 || ^14 || >=15.0.1}
    hasBin: true
    dev: true

  /normalize-url/4.5.0:
    resolution: {integrity: sha512-2s47yzUxdexf1OhyRi4Em83iQk0aPvwTddtFz4hnSSw9dCEsLEGf6SwIO8ss/19S9iBb5sJaOuTvTGDeZI00BQ==}
    engines: {node: '>=8'}
    dev: true

  /once/1.4.0:
    resolution: {integrity: sha1-WDsap3WWHUsROsF9nFC6753Xa9E=}
    dependencies:
      wrappy: 1.0.2
    dev: true

  /p-cancelable/1.1.0:
    resolution: {integrity: sha512-s73XxOZ4zpt1edZYZzvhqFa6uvQc1vwUa0K0BdtIZgQMAJj9IbebH+JkgKZc9h+B05PKHLOTl4ajG1BmNrVZlw==}
    engines: {node: '>=6'}
    dev: true

  /package-json/6.5.0:
    resolution: {integrity: sha512-k3bdm2n25tkyxcjSKzB5x8kfVxlMdgsbPr0GkZcwHsLpba6cBjqCt1KlcChKEvxHIcTB1FVMuwoijZ26xex5MQ==}
    engines: {node: '>=8'}
    dependencies:
      got: 9.6.0
      registry-auth-token: 4.2.1
      registry-url: 5.1.0
      semver: 6.3.0
    dev: true

  /path-parse/1.0.6:
    resolution: {integrity: sha512-GSmOT2EbHrINBf9SR7CDELwlJ8AENk3Qn7OikK4nFYAu3Ote2+JYNVvkpAEQm3/TLNEJFD/xZJjzyxg3KBWOzw==}
    dev: true

  /picomatch/2.2.3:
    resolution: {integrity: sha512-KpELjfwcCDUb9PeigTs2mBJzXUPzAuP2oPcA989He8Rte0+YUAjw1JVedDhuTKPkHjSYzMN3npC9luThGYEKdg==}
    engines: {node: '>=8.6'}
    dev: true

  /postcss/8.3.0:
    resolution: {integrity: sha512-+ogXpdAjWGa+fdYY5BQ96V/6tAo+TdSSIMP5huJBIygdWwKtVoB5JWZ7yUd4xZ8r+8Kvvx4nyg/PQ071H4UtcQ==}
    engines: {node: ^10 || ^12 || >=14}
    dependencies:
      colorette: 1.2.2
      nanoid: 3.1.23
      source-map-js: 0.6.2
    dev: true

  /prepend-http/2.0.0:
    resolution: {integrity: sha1-6SQ0v6XqjBn0HN/UAddBo8gZ2Jc=}
    engines: {node: '>=4'}
    dev: true

  /pump/3.0.0:
    resolution: {integrity: sha512-LwZy+p3SFs1Pytd/jYct4wpv49HiYCqd9Rlc5ZVdk0V+8Yzv6jR5Blk3TRmPL1ft69TxP0IMZGJ+WPFU2BFhww==}
    dependencies:
      end-of-stream: 1.4.4
      once: 1.4.0
    dev: true

  /pupa/2.1.1:
    resolution: {integrity: sha512-l1jNAspIBSFqbT+y+5FosojNpVpF94nlI+wDUpqP9enwOTfHx9f0gh5nB96vl+6yTpsJsypeNrwfzPrKuHB41A==}
    engines: {node: '>=8'}
    dependencies:
      escape-goat: 2.1.1
    dev: true

  /rc/1.2.8:
    resolution: {integrity: sha512-y3bGgqKj3QBdxLbLkomlohkvsA8gdAiUQlSBJnBhfn+BPxg4bc62d8TcBW15wavDfgexCgccckhcZvywyQYPOw==}
    hasBin: true
    dependencies:
      deep-extend: 0.6.0
      ini: 1.3.8
      minimist: 1.2.5
      strip-json-comments: 2.0.1
    dev: true

  /registry-auth-token/4.2.1:
    resolution: {integrity: sha512-6gkSb4U6aWJB4SF2ZvLb76yCBjcvufXBqvvEx1HbmKPkutswjW1xNVRY0+daljIYRbogN7O0etYSlbiaEQyMyw==}
    engines: {node: '>=6.0.0'}
    dependencies:
      rc: 1.2.8
    dev: true

  /registry-url/5.1.0:
    resolution: {integrity: sha512-8acYXXTI0AkQv6RAOjE3vOaIXZkT9wo4LOFbBKYQEEnnMNBpKqdUrI6S4NT0KPIo/WVvJ5tE/X5LF/TQUf0ekw==}
    engines: {node: '>=8'}
    dependencies:
      rc: 1.2.8
    dev: true

  /require-relative/0.8.7:
    resolution: {integrity: sha1-eZlTn8ngR6N5KPoZb44VY9q9Nt4=}
    dev: true

  /resolve/1.20.0:
    resolution: {integrity: sha512-wENBPt4ySzg4ybFQW2TT1zMQucPK95HSh/nq2CFTZVOGut2+pQvSsgtda4d26YrYcr067wjbmzOG8byDPBX63A==}
    dependencies:
      is-core-module: 2.4.0
      path-parse: 1.0.6
    dev: true

  /responselike/1.0.2:
    resolution: {integrity: sha1-kYcg7ztjHFZCvgaPFa3lpG9Loec=}
    dependencies:
      lowercase-keys: 1.0.1
    dev: true

  /rollup/2.48.0:
    resolution: {integrity: sha512-wl9ZSSSsi5579oscSDYSzGn092tCS076YB+TQrzsGuSfYyJeep8eEWj0eaRjuC5McuMNmcnR8icBqiE/FWNB1A==}
    engines: {node: '>=10.0.0'}
    hasBin: true
    optionalDependencies:
      fsevents: 2.3.2
    dev: true

  /sade/1.7.4:
    resolution: {integrity: sha512-y5yauMD93rX840MwUJr7C1ysLFBgMspsdTo4UVrDg3fXDvtwOyIqykhVAAm6fk/3au77773itJStObgK+LKaiA==}
    engines: {node: '>= 6'}
    dependencies:
      mri: 1.1.6
    dev: true

  /semver-diff/3.1.1:
    resolution: {integrity: sha512-GX0Ix/CJcHyB8c4ykpHGIAvLyOwOobtM/8d+TQkAd81/bEjgPHrfba41Vpesr7jX/t8Uh+R3EX9eAS5be+jQYg==}
    engines: {node: '>=8'}
    dependencies:
      semver: 6.3.0
    dev: true

  /semver/6.3.0:
    resolution: {integrity: sha512-b39TBaTSfV6yBrapU89p5fKekE2m/NwnDocOVruQFS1/veMgdzuPcnOM34M6CwxW8jH/lxEa5rBoDeUwu5HHTw==}
    hasBin: true
    dev: true

  /signal-exit/3.0.3:
    resolution: {integrity: sha512-VUJ49FC8U1OxwZLxIbTTrDvLnf/6TDgxZcK8wxR8zs13xpx7xbG60ndBlhNrFi2EMuFRoeDoJO7wthSLq42EjA==}
    dev: true

  /slash/4.0.0:
    resolution: {integrity: sha512-3dOsAHXXUkQTpOYcoAxLIorMTp4gIQr5IW3iVb7A7lFIp0VHhnynm9izx6TssdrIcVIESAlVjtnO2K8bg+Coew==}
    engines: {node: '>=12'}
    dev: true

  /source-map-js/0.6.2:
    resolution: {integrity: sha512-/3GptzWzu0+0MBQFrDKzw/DvvMTUORvgY6k6jd/VS6iCR4RDTKWH6v6WPwQoUO8667uQEf9Oe38DxAYWY5F/Ug==}
    engines: {node: '>=0.10.0'}
    dev: true

  /source-map-support/0.5.19:
    resolution: {integrity: sha512-Wonm7zOCIJzBGQdB+thsPar0kYuCIzYvxZwlBa87yi/Mdjv7Tip2cyVbLj5o0cFPN4EVkuTwb3GDDyUx2DGnGw==}
    dependencies:
      buffer-from: 1.1.1
      source-map: 0.6.1
    dev: true

  /source-map/0.6.1:
    resolution: {integrity: sha512-UjgapumWlbMhkBgzT7Ykc5YXUT46F0iKu8SGXq0bcwP5dz/h0Plj6enJqjz1Zbq2l5WaqYnrVbwWOWMyF3F47g==}
    engines: {node: '>=0.10.0'}
    dev: true

  /source-map/0.7.3:
    resolution: {integrity: sha512-CkCj6giN3S+n9qrYiBTX5gystlENnRW5jZeNLHpe6aue+SrHcG5VYwujhW9s4dY31mEGsxBDrHR6oI69fTXsaQ==}
    engines: {node: '>= 8'}
    dev: true

  /string-width/3.1.0:
    resolution: {integrity: sha512-vafcv6KjVZKSgz06oM/H6GDBrAtz8vdhQakGjFIvNrHA6y3HCF1CInLy+QLq8dTJPQ1b+KDUqDFctkdRW44e1w==}
    engines: {node: '>=6'}
    dependencies:
      emoji-regex: 7.0.3
      is-fullwidth-code-point: 2.0.0
      strip-ansi: 5.2.0
    dev: true

  /string-width/4.2.2:
    resolution: {integrity: sha512-XBJbT3N4JhVumXE0eoLU9DCjcaF92KLNqTmFCnG1pf8duUxFGwtP6AD6nkjw9a3IdiRtL3E2w3JDiE/xi3vOeA==}
    engines: {node: '>=8'}
    dependencies:
      emoji-regex: 8.0.0
      is-fullwidth-code-point: 3.0.0
      strip-ansi: 6.0.0
    dev: true

  /strip-ansi/5.2.0:
    resolution: {integrity: sha512-DuRs1gKbBqsMKIZlrffwlug8MHkcnpjs5VPmL1PAh+mA30U0DTotfDZ0d2UUsXpPmPmMMJ6W773MaA3J+lbiWA==}
    engines: {node: '>=6'}
    dependencies:
      ansi-regex: 4.1.0
    dev: true

  /strip-ansi/6.0.0:
    resolution: {integrity: sha512-AuvKTrTfQNYNIctbR1K/YGTR1756GycPsg7b9bdV9Duqur4gv6aKqHXah67Z8ImS7WEz5QVcOtlfW2rZEugt6w==}
    engines: {node: '>=8'}
    dependencies:
      ansi-regex: 5.0.0
    dev: true

  /strip-json-comments/2.0.1:
    resolution: {integrity: sha1-PFMZQukIwml8DsNEhYwobHygpgo=}
    engines: {node: '>=0.10.0'}
    dev: true

  /supports-color/7.2.0:
    resolution: {integrity: sha512-qpCAvRl9stuOHveKsn7HncJRvv501qIacKzQlO/+Lwxc9+0q2wLyv4Dfvt80/DPn2pqOBsJdDiogXGR9+OvwRw==}
    engines: {node: '>=8'}
    dependencies:
      has-flag: 4.0.0
    dev: true

  /svelte-hmr/0.14.4_svelte@3.38.2:
    resolution: {integrity: sha512-kItFF7vqzStckSigoFmMnxJpTOdB9TWnQAW6Js+yAB4277tLbJIIE5KBlGHNmJNpA7MguqidsPB27Uw5UzQPCA==}
    peerDependencies:
      svelte: '>=3.19.0'
    dependencies:
      svelte: 3.38.2
    dev: true

  /svelte/3.38.2:
    resolution: {integrity: sha512-q5Dq0/QHh4BLJyEVWGe7Cej5NWs040LWjMbicBGZ+3qpFWJ1YObRmUDZKbbovddLC9WW7THTj3kYbTOFmU9fbg==}
    engines: {node: '>= 8'}
    dev: true

  /term-size/2.2.1:
    resolution: {integrity: sha512-wK0Ri4fOGjv/XPy8SBHZChl8CM7uMc5VML7SqiQ0zG7+J5Vr+RMQDoHa2CNT6KHUnTGIXH34UDMkPzAUyapBZg==}
    engines: {node: '>=8'}
    dev: true

  /to-readable-stream/1.0.0:
    resolution: {integrity: sha512-Iq25XBt6zD5npPhlLVXGFN3/gyR2/qODcKNNyTMd4vbm39HUaOiAM4PMq0eMVC/Tkxz+Zjdsc55g9yyz+Yq00Q==}
    engines: {node: '>=6'}
    dev: true

  /ts-node/8.9.1_typescript@3.9.3:
    resolution: {integrity: sha512-yrq6ODsxEFTLz0R3BX2myf0WBCSQh9A+py8PBo1dCzWIOcvisbyH6akNKqDHMgXePF2kir5mm5JXJTH3OUJYOQ==}
    engines: {node: '>=6.0.0'}
    hasBin: true
    peerDependencies:
      typescript: '>=2.7'
    dependencies:
      arg: 4.1.3
      diff: 4.0.2
      make-error: 1.3.6
      source-map-support: 0.5.19
      typescript: 3.9.3
      yn: 3.1.1
    dev: true

  /type-fest/0.8.1:
    resolution: {integrity: sha512-4dbzIzqvjtgiM5rw1k5rEHtBANKmdudhGyBEajN01fEyhaAIhsoKNy6y7+IN93IfpFtwY9iqi7kD+xwKhQsNJA==}
    engines: {node: '>=8'}
    dev: true

  /typedarray-to-buffer/3.1.5:
    resolution: {integrity: sha512-zdu8XMNEDepKKR+XYOXAVPtWui0ly0NtohUscw+UmaHiAWT8hrV1rr//H6V+0DvJ3OQ19S979M0laLfX8rm82Q==}
    dependencies:
      is-typedarray: 1.0.0
    dev: true

  /typescript/3.9.3:
    resolution: {integrity: sha512-D/wqnB2xzNFIcoBG9FG8cXRDjiqSTbG2wd8DMZeQyJlP1vfTkIxH4GKveWaEBYySKIg+USu+E+EDIR47SqnaMQ==}
    engines: {node: '>=4.2.0'}
    hasBin: true
    dev: true

  /unique-string/2.0.0:
    resolution: {integrity: sha512-uNaeirEPvpZWSgzwsPGtU2zVSTrn/8L5q/IexZmH0eH6SA73CmAA5U4GwORTxQAZs95TAXLNqeLoPPNO5gZfWg==}
    engines: {node: '>=8'}
    dependencies:
      crypto-random-string: 2.0.0
    dev: true

  /update-notifier/4.1.0:
    resolution: {integrity: sha512-w3doE1qtI0/ZmgeoDoARmI5fjDoT93IfKgEGqm26dGUOh8oNpaSTsGNdYRN/SjOuo10jcJGwkEL3mroKzktkew==}
    engines: {node: '>=8'}
    dependencies:
      boxen: 4.2.0
      chalk: 3.0.0
      configstore: 5.0.1
      has-yarn: 2.1.0
      import-lazy: 2.1.0
      is-ci: 2.0.0
      is-installed-globally: 0.3.2
      is-npm: 4.0.0
      is-yarn-global: 0.3.0
      latest-version: 5.1.0
      pupa: 2.1.1
      semver-diff: 3.1.1
      xdg-basedir: 4.0.0
    dev: true

  /url-parse-lax/3.0.0:
    resolution: {integrity: sha1-FrXK/Afb42dsGxmZF3gj1lA6yww=}
    engines: {node: '>=4'}
    dependencies:
      prepend-http: 2.0.0
    dev: true

  /vercel/22.0.1:
    resolution: {integrity: sha512-zB7BQj19nOnvoSTjg4Cihqn+7lHlBYkGIswGG3vuB3QApaDi3wTORo8P66DXCgzTJB3+F4KT1Oaz2CRL7E+eeA==}
    engines: {node: '>= 12'}
    hasBin: true
    requiresBuild: true
    dependencies:
      '@vercel/build-utils': 2.10.2
      '@vercel/go': 1.2.2
      '@vercel/node': 1.10.0
      '@vercel/python': 2.0.1
      '@vercel/ruby': 1.2.6
      update-notifier: 4.1.0
    dev: true

  /vite/2.3.3:
    resolution: {integrity: sha512-eO1iwRbn3/BfkNVMNJDeANAFCZ5NobYOFPu7IqfY7DcI7I9nFGjJIZid0EViTmLDGwwSUPmRAq3cRBbO3+DsMA==}
    engines: {node: '>=12.0.0'}
    hasBin: true
    dependencies:
      esbuild: 0.11.23
      postcss: 8.3.0
      resolve: 1.20.0
      rollup: 2.48.0
    optionalDependencies:
      fsevents: 2.3.2
    dev: true

  /widest-line/3.1.0:
    resolution: {integrity: sha512-NsmoXalsWVDMGupxZ5R08ka9flZjjiLvHVAWYOKtiKM8ujtZWr9cRffak+uSE48+Ob8ObalXpwyeUiyDD6QFgg==}
    engines: {node: '>=8'}
    dependencies:
      string-width: 4.2.2
    dev: true

  /windicss/3.0.9:
    resolution: {integrity: sha512-pv/SnYPfqYwz25672irDzNZpcEK/QlN9Dlhe2KUQXDjqd46wl/zLAi51BNB0pdfDZDbNjyvI1XgDXHk1oFF51A==}
    engines: {node: '>= 12'}
    hasBin: true
    dev: true

  /wrappy/1.0.2:
    resolution: {integrity: sha1-tSQ9jz7BqjXxNkYFvA0QNuMKtp8=}
    dev: true

  /write-file-atomic/3.0.3:
    resolution: {integrity: sha512-AvHcyZ5JnSfq3ioSyjrBkH9yW4m7Ayk8/9My/DD9onKeu/94fwrMocemO2QAJFAlnnDN+ZDS+ZjAR5ua1/PV/Q==}
    dependencies:
      imurmurhash: 0.1.4
      is-typedarray: 1.0.0
      signal-exit: 3.0.3
      typedarray-to-buffer: 3.1.5
    dev: true

  /xdg-basedir/4.0.0:
    resolution: {integrity: sha512-PSNhEJDejZYV7h50BohL09Er9VaIefr2LMAf3OEmpCkjOi34eYyQYAXUTjEQtZJTKcF0E2UKTh+osDLsgNim9Q==}
    engines: {node: '>=8'}
    dev: true

  /yn/3.1.1:
    resolution: {integrity: sha512-Ux4ygGWsu2c7isFWe8Yu1YluJmqVhxqK2cLXNQA5AcC3QfbGNpM7fu0Y8b/z16pXLnFxZYvWhd3fhBY9DLmC6Q==}
    engines: {node: '>=6'}
    dev: true
